
Microsoft Visual Studio Solution File, Format Version 12.00
# Visual Studio Version 16
VisualStudioVersion = 16.0.31729.503
MinimumVisualStudioVersion = 10.0.40219.1
Project("{9A19103F-16F7-4668-BE54-9A1E7A4F7556}") = "SampleGitAppTest", "SampleGitAppTest\SampleGitAppTest.csproj", "{FD27861F-F9C3-4B3B-A84D-0CECE5B3644B}"
EndProject
Project("{FAE04EC0-301F-11D3-BF4B-00C04F79EFBC}") = "SampleGitAppTest.UnitTest", "SampleGitAppTest.UnitTest\SampleGitAppTest.UnitTest.csproj", "{4304DC05-4A51-49A5-9068-AE84B57A13E9}"
EndProject
Global
	GlobalSection(SolutionConfigurationPlatforms) = preSolution
		Debug|Any CPU = Debug|Any CPU
		Release|Any CPU = Release|Any CPU
	EndGlobalSection
	GlobalSection(ProjectConfigurationPlatforms) = postSolution
		{FD27861F-F9C3-4B3B-A84D-0CECE5B3644B}.Debug|Any CPU.ActiveCfg = Debug|Any CPU
		{FD27861F-F9C3-4B3B-A84D-0CECE5B3644B}.Debug|Any CPU.Build.0 = Debug|Any CPU
		{FD27861F-F9C3-4B3B-A84D-0CECE5B3644B}.Release|Any CPU.ActiveCfg = Release|Any CPU
		{FD27861F-F9C3-4B3B-A84D-0CECE5B3644B}.Release|Any CPU.Build.0 = Release|Any CPU
		{4304DC05-4A51-49A5-9068-AE84B57A13E9}.Debug|Any CPU.ActiveCfg = Debug|Any CPU
		{4304DC05-4A51-49A5-9068-AE84B57A13E9}.Debug|Any CPU.Build.0 = Debug|Any CPU
		{4304DC05-4A51-49A5-9068-AE84B57A13E9}.Release|Any CPU.ActiveCfg = Release|Any CPU
		{4304DC05-4A51-49A5-9068-AE84B57A13E9}.Release|Any CPU.Build.0 = Release|Any CPU
	EndGlobalSection
	GlobalSection(SolutionProperties) = preSolution
		HideSolutionNode = FALSE
	EndGlobalSection
	GlobalSection(ExtensibilityGlobals) = postSolution
		SolutionGuid = {19BA7136-B8A2-40B9-9487-0EB5876EB187}
	EndGlobalSection
EndGlobal
